{
  "nodes": {
    "fenix": {
      "inputs": {
        "nixpkgs": [
          "nixpkgs"
        ],
        "rust-analyzer-src": "rust-analyzer-src"
      },
      "locked": {
        "lastModified": 1744231114,
        "narHash": "sha256-60gLl2rJFt6SRwqWimsTAeHgfsIE1iV0zChdJFOvx8w=",
        "owner": "nix-community",
        "repo": "fenix",
        "rev": "0ccfe532b1433da8e5a23cd513ff6847e0f6a8c2",
        "type": "github"
      },
      "original": {
        "owner": "nix-community",
        "repo": "fenix",
        "type": "github"
      }
    },
    "flake-utils": {
      "inputs": {
        "systems": "systems_2"
      },
      "locked": {
        "lastModified": 1731533236,
        "narHash": "sha256-l0KFg5HjrsfsO/JpG+r7fRrqm12kzFHyUHqHCVpMMbI=",
        "owner": "numtide",
        "repo": "flake-utils",
        "rev": "11707dc2f618dd54ca8739b309ec4fc024de578b",
        "type": "github"
      },
      "original": {
        "owner": "numtide",
        "repo": "flake-utils",
        "type": "github"
      }
    },
    "home-manager": {
      "inputs": {
        "nixpkgs": [
          "nixpkgs"
        ]
      },
      "locked": {
        "lastModified": 1751810233,
        "narHash": "sha256-kllkNbIqQi3VplgTMeGzuh1t8Gk8TauvkTRt93Km+tQ=",
        "owner": "nix-community",
        "repo": "home-manager",
        "rev": "9b0873b46c9f9e4b7aa01eb634952c206af53068",
        "type": "github"
      },
      "original": {
        "owner": "nix-community",
        "ref": "release-25.05",
        "repo": "home-manager",
        "type": "github"
      }
    },
    "hyprgraphics": {
      "inputs": {
        "hyprutils": [
          "hyprpaper",
          "hyprutils"
        ],
        "nixpkgs": [
          "hyprpaper",
          "nixpkgs"
        ],
        "systems": [
          "hyprpaper",
          "systems"
        ]
      },
      "locked": {
        "lastModified": 1750621377,
        "narHash": "sha256-8u6b5oAdX0rCuoR8wFenajBRmI+mzbpNig6hSCuWUzE=",
        "owner": "hyprwm",
        "repo": "hyprgraphics",
        "rev": "b3d628d01693fb9bb0a6690cd4e7b80abda04310",
        "type": "github"
      },
      "original": {
        "owner": "hyprwm",
        "repo": "hyprgraphics",
        "type": "github"
      }
    },
    "hyprlang": {
      "inputs": {
        "hyprutils": [
          "hyprpaper",
          "hyprutils"
        ],
        "nixpkgs": [
          "hyprpaper",
          "nixpkgs"
        ],
        "systems": [
          "hyprpaper",
          "systems"
        ]
      },
      "locked": {
        "lastModified": 1750371198,
        "narHash": "sha256-/iuJ1paQOBoSLqHflRNNGyroqfF/yvPNurxzcCT0cAE=",
        "owner": "hyprwm",
        "repo": "hyprlang",
        "rev": "cee01452bca58d6cadb3224e21e370de8bc20f0b",
        "type": "github"
      },
      "original": {
        "owner": "hyprwm",
        "repo": "hyprlang",
        "type": "github"
      }
    },
    "hyprpaper": {
      "inputs": {
        "hyprgraphics": "hyprgraphics",
        "hyprlang": "hyprlang",
        "hyprutils": "hyprutils",
        "hyprwayland-scanner": "hyprwayland-scanner",
        "nixpkgs": [
          "nixpkgs"
        ],
        "systems": "systems"
      },
      "locked": {
        "lastModified": 1754481642,
        "narHash": "sha256-e1phd6KwtUsS9C2ShD+fQvfk2Dgr2JQi+rTDQUW15iE=",
        "owner": "hyprwm",
        "repo": "hyprpaper",
        "rev": "bcb1ffa322369c4898347ab5a7399a3d18494c8f",
        "type": "github"
      },
      "original": {
        "owner": "hyprwm",
        "repo": "hyprpaper",
        "type": "github"
      }
    },
    "hyprutils": {
      "inputs": {
        "nixpkgs": [
          "hyprpaper",
          "nixpkgs"
        ],
        "systems": [
          "hyprpaper",
          "systems"
        ]
      },
      "locked": {
        "lastModified": 1750371096,
        "narHash": "sha256-JB1IeJ41y7kWc/dPGV6RMcCUM0Xj2NEK26A2Ap7EM9c=",
        "owner": "hyprwm",
        "repo": "hyprutils",
        "rev": "38f3a211657ce82a1123bf19402199b67a410f08",
        "type": "github"
      },
      "original": {
        "owner": "hyprwm",
        "repo": "hyprutils",
        "type": "github"
      }
    },
    "hyprwayland-scanner": {
      "inputs": {
        "nixpkgs": [
          "hyprpaper",
          "nixpkgs"
        ],
        "systems": [
          "hyprpaper",
          "systems"
        ]
      },
      "locked": {
        "lastModified": 1750371869,
        "narHash": "sha256-lGk4gLjgZQ/rndUkzmPYcgbHr8gKU5u71vyrjnwfpB4=",
        "owner": "hyprwm",
        "repo": "hyprwayland-scanner",
        "rev": "aa38edd6e3e277ae6a97ea83a69261a5c3aab9fd",
        "type": "github"
      },
      "original": {
        "owner": "hyprwm",
        "repo": "hyprwayland-scanner",
        "type": "github"
      }
    },
    "monitor-affinity": {
      "inputs": {
        "flake-utils": "flake-utils",
        "nixpkgs": "nixpkgs"
      },
      "locked": {
        "lastModified": 1741377699,
        "narHash": "sha256-d6SA9ftiTo3wshcBgsR2ZgsNTcfp3qiS2Wm8ujDG2HY=",
        "owner": "davidmreed",
        "repo": "monitor-affinity",
        "rev": "4028c5e5647db1cb79fe84d6f78a06253d5d5d29",
        "type": "github"
      },
      "original": {
        "owner": "davidmreed",
        "repo": "monitor-affinity",
        "type": "github"
      }
    },
    "nixpkgs": {
      "locked": {
        "lastModified": 1741310760,
        "narHash": "sha256-aizILFrPgq/W53Jw8i0a1h1GZAAKtlYOrG/A5r46gVM=",
        "owner": "nixos",
        "repo": "nixpkgs",
        "rev": "de0fe301211c267807afd11b12613f5511ff7433",
        "type": "github"
      },
      "original": {
        "owner": "nixos",
        "ref": "nixpkgs-unstable",
        "repo": "nixpkgs",
        "type": "github"
      }
    },
    "nixpkgs-unstable": {
      "locked": {
        "lastModified": 1744232761,
        "narHash": "sha256-gbl9hE39nQRpZaLjhWKmEu5ejtQsgI5TWYrIVVJn30U=",
        "owner": "NixOS",
        "repo": "nixpkgs",
        "rev": "f675531bc7e6657c10a18b565cfebd8aa9e24c14",
        "type": "github"
      },
      "original": {
        "owner": "NixOS",
        "ref": "nixos-unstable",
        "repo": "nixpkgs",
        "type": "github"
      }
    },
    "nixpkgs_2": {
      "locked": {
        "lastModified": 1751741127,
        "narHash": "sha256-t75Shs76NgxjZSgvvZZ9qOmz5zuBE8buUaYD28BMTxg=",
        "owner": "NixOS",
        "repo": "nixpkgs",
        "rev": "29e290002bfff26af1db6f64d070698019460302",
        "type": "github"
      },
      "original": {
        "owner": "NixOS",
        "ref": "nixos-25.05",
        "repo": "nixpkgs",
        "type": "github"
      }
    },
    "nixpkgs_3": {
      "locked": {
        "lastModified": 1669542132,
        "narHash": "sha256-DRlg++NJAwPh8io3ExBJdNW7Djs3plVI5jgYQ+iXAZQ=",
        "owner": "NixOS",
        "repo": "nixpkgs",
        "rev": "a115bb9bd56831941be3776c8a94005867f316a7",
        "type": "github"
      },
      "original": {
        "owner": "NixOS",
        "ref": "nixos-unstable",
        "repo": "nixpkgs",
        "type": "github"
      }
    },
    "prisma": {
      "inputs": {
        "nixpkgs": "nixpkgs_3"
      },
      "locked": {
        "lastModified": 1744311818,
        "narHash": "sha256-CmqXi15/c3xMnhBQX+7RgAyitrowWbpkbRY6VXzN3GU=",
        "owner": "pimeys",
        "repo": "nixos-prisma",
        "rev": "5305198814a4813ff36ae4adafe483b8e74e9ed2",
        "type": "github"
      },
      "original": {
        "owner": "pimeys",
        "repo": "nixos-prisma",
        "type": "github"
      }
    },
    "root": {
      "inputs": {
        "fenix": "fenix",
        "home-manager": "home-manager",
        "hyprpaper": "hyprpaper",
        "monitor-affinity": "monitor-affinity",
        "nixpkgs": "nixpkgs_2",
        "nixpkgs-unstable": "nixpkgs-unstable",
        "prisma": "prisma"
      }
    },
    "rust-analyzer-src": {
      "flake": false,
      "locked": {
        "lastModified": 1742296961,
        "narHash": "sha256-gCpvEQOrugHWLimD1wTFOJHagnSEP6VYBDspq96Idu0=",
        "owner": "rust-lang",
        "repo": "rust-analyzer",
        "rev": "15d87419f1a123d8f888d608129c3ce3ff8f13d4",
        "type": "github"
      },
      "original": {
        "owner": "rust-lang",
        "ref": "nightly",
        "repo": "rust-analyzer",
        "type": "github"
      }
    },
    "systems": {
      "locked": {
        "lastModified": 1689347949,
        "narHash": "sha256-12tWmuL2zgBgZkdoB6qXZsgJEH9LR3oUgpaQq2RbI80=",
        "owner": "nix-systems",
        "repo": "default-linux",
        "rev": "31732fcf5e8fea42e59c2488ad31a0e651500f68",
        "type": "github"
      },
      "original": {
        "owner": "nix-systems",
        "repo": "default-linux",
        "type": "github"
      }
    },
    "systems_2": {
      "locked": {
        "lastModified": 1681028828,
        "narHash": "sha256-Vy1rq5AaRuLzOxct8nz4T6wlgyUR7zLU309k9mBC768=",
        "owner": "nix-systems",
        "repo": "default",
        "rev": "da67096a3b9bf56a91d16901293e51ba5b49a27e",
        "type": "github"
      },
      "original": {
        "owner": "nix-systems",
        "repo": "default",
        "type": "github"
      }
    }
  },
  "root": "root",
  "version": 7
}
